// !$*UTF8*$!
{
	archiveVersion = 1;
	classes = {
	};
	objectVersion = 50;
	objects = {

/* Begin PBXBuildFile section */
		6805F8DB22140A98007D996A /* Collection+Safe.swift in Sources */ = {isa = PBXBuildFile; fileRef = 6805F8DA22140A98007D996A /* Collection+Safe.swift */; };
		6805F8DD22140AEE007D996A /* NavigationLink.swift in Sources */ = {isa = PBXBuildFile; fileRef = 6805F8DC22140AEE007D996A /* NavigationLink.swift */; };
		6811255B22121B0E009E616A /* NewsDetailViewController.swift in Sources */ = {isa = PBXBuildFile; fileRef = 6811255922121B0E009E616A /* NewsDetailViewController.swift */; };
		6811255C22121B0E009E616A /* NewsDetailViewController.xib in Resources */ = {isa = PBXBuildFile; fileRef = 6811255A22121B0E009E616A /* NewsDetailViewController.xib */; };
		6811255F22121CF1009E616A /* DeeplinkNavigator.swift in Sources */ = {isa = PBXBuildFile; fileRef = 6811255E22121CF1009E616A /* DeeplinkNavigator.swift */; };
		6811256122121D01009E616A /* WeblinkNavigator.swift in Sources */ = {isa = PBXBuildFile; fileRef = 6811256022121D01009E616A /* WeblinkNavigator.swift */; };
		681125682213FC47009E616A /* AdViewController.swift in Sources */ = {isa = PBXBuildFile; fileRef = 681125662213FC47009E616A /* AdViewController.swift */; };
		681125692213FC47009E616A /* AdViewController.xib in Resources */ = {isa = PBXBuildFile; fileRef = 681125672213FC47009E616A /* AdViewController.xib */; };
		6811256D221400F2009E616A /* ViewControllerFactory.swift in Sources */ = {isa = PBXBuildFile; fileRef = 6811256C221400F2009E616A /* ViewControllerFactory.swift */; };
		6811256F22140156009E616A /* Navigator.swift in Sources */ = {isa = PBXBuildFile; fileRef = 6811256E22140156009E616A /* Navigator.swift */; };
		6830B274221466A600F5EA3D /* NewsCellConfigurable.swift in Sources */ = {isa = PBXBuildFile; fileRef = 6830B273221466A600F5EA3D /* NewsCellConfigurable.swift */; };
		6830B27B2214779800F5EA3D /* MiniCardCollectionViewCell.swift in Sources */ = {isa = PBXBuildFile; fileRef = 6830B2792214779800F5EA3D /* MiniCardCollectionViewCell.swift */; };
		6830B27C2214779800F5EA3D /* MiniCardCollectionViewCell.xib in Resources */ = {isa = PBXBuildFile; fileRef = 6830B27A2214779800F5EA3D /* MiniCardCollectionViewCell.xib */; };
		6864DB4D21DF966300A03066 /* AppDelegate.swift in Sources */ = {isa = PBXBuildFile; fileRef = 6864DB4C21DF966300A03066 /* AppDelegate.swift */; };
		6864DB5421DF966400A03066 /* Assets.xcassets in Resources */ = {isa = PBXBuildFile; fileRef = 6864DB5321DF966400A03066 /* Assets.xcassets */; };
		6864DB5721DF966400A03066 /* LaunchScreen.storyboard in Resources */ = {isa = PBXBuildFile; fileRef = 6864DB5521DF966400A03066 /* LaunchScreen.storyboard */; };
		6864DB6E21DFAD2100A03066 /* NewsItem.swift in Sources */ = {isa = PBXBuildFile; fileRef = 6864DB6D21DFAD2100A03066 /* NewsItem.swift */; };
		6864DB7121DFADB500A03066 /* NewsClient.swift in Sources */ = {isa = PBXBuildFile; fileRef = 6864DB7021DFADB500A03066 /* NewsClient.swift */; };
		6864DB7321DFB1FA00A03066 /* Result.swift in Sources */ = {isa = PBXBuildFile; fileRef = 6864DB7221DFB1FA00A03066 /* Result.swift */; };
		6864DB7521DFB21800A03066 /* NewsFeedError.swift in Sources */ = {isa = PBXBuildFile; fileRef = 6864DB7421DFB21800A03066 /* NewsFeedError.swift */; };
		6864DB7921DFBDD800A03066 /* BottomImageCardCollectionViewCell.swift in Sources */ = {isa = PBXBuildFile; fileRef = 6864DB7721DFBDD800A03066 /* BottomImageCardCollectionViewCell.swift */; };
		6864DB7A21DFBDD800A03066 /* BottomImageCardCollectionViewCell.xib in Resources */ = {isa = PBXBuildFile; fileRef = 6864DB7821DFBDD800A03066 /* BottomImageCardCollectionViewCell.xib */; };
		6864DB7D21DFBE9B00A03066 /* NewsViewModel.swift in Sources */ = {isa = PBXBuildFile; fileRef = 6864DB7C21DFBE9B00A03066 /* NewsViewModel.swift */; };
		6864DB7F21DFBF7B00A03066 /* NewsCollectionController.swift in Sources */ = {isa = PBXBuildFile; fileRef = 6864DB7E21DFBF7B00A03066 /* NewsCollectionController.swift */; };
		68CFDB7322049E61006071EF /* AdView.swift in Sources */ = {isa = PBXBuildFile; fileRef = 68CFDB7222049E61006071EF /* AdView.swift */; };
		68CFDB7522049E86006071EF /* AdView.xib in Resources */ = {isa = PBXBuildFile; fileRef = 68CFDB7422049E86006071EF /* AdView.xib */; };
		68CFDB782204A331006071EF /* UIView+Constraints.swift in Sources */ = {isa = PBXBuildFile; fileRef = 68CFDB772204A331006071EF /* UIView+Constraints.swift */; };
		68CFDB7A2204A5D5006071EF /* soundcloud.png in Resources */ = {isa = PBXBuildFile; fileRef = 68CFDB792204A5D5006071EF /* soundcloud.png */; };
		68CFDB7C2204A87A006071EF /* soundcloud-big.jpg in Resources */ = {isa = PBXBuildFile; fileRef = 68CFDB7B2204A87A006071EF /* soundcloud-big.jpg */; };
		68EF64B521FB6851009E3662 /* NewsViewController.swift in Sources */ = {isa = PBXBuildFile; fileRef = 68EF64B321FB6851009E3662 /* NewsViewController.swift */; };
		68EF64B621FB6851009E3662 /* NewsViewController.xib in Resources */ = {isa = PBXBuildFile; fileRef = 68EF64B421FB6851009E3662 /* NewsViewController.xib */; };
		68EF64B921FB6C1F009E3662 /* NewsPresenter.swift in Sources */ = {isa = PBXBuildFile; fileRef = 68EF64B821FB6C1F009E3662 /* NewsPresenter.swift */; };
		68EF64C121FBB8B7009E3662 /* djokovic.jpg in Resources */ = {isa = PBXBuildFile; fileRef = 68EF64C021FBB8B7009E3662 /* djokovic.jpg */; };
		68EF64C321FBC41D009E3662 /* pizza.jpg in Resources */ = {isa = PBXBuildFile; fileRef = 68EF64C221FBC41D009E3662 /* pizza.jpg */; };
		68EF64C621FBC7B6009E3662 /* TopImageCardCollectionViewCell.swift in Sources */ = {isa = PBXBuildFile; fileRef = 68EF64C421FBC7B6009E3662 /* TopImageCardCollectionViewCell.swift */; };
		68EF64C721FBC7B6009E3662 /* TopImageCardCollectionViewCell.xib in Resources */ = {isa = PBXBuildFile; fileRef = 68EF64C521FBC7B6009E3662 /* TopImageCardCollectionViewCell.xib */; };
		68EF64CB21FC6A7E009E3662 /* bitcoin.jpg in Resources */ = {isa = PBXBuildFile; fileRef = 68EF64CA21FC6A7D009E3662 /* bitcoin.jpg */; };
/* End PBXBuildFile section */

/* Begin PBXContainerItemProxy section */
		6864DB5E21DF966400A03066 /* PBXContainerItemProxy */ = {
			isa = PBXContainerItemProxy;
			containerPortal = 6864DB4121DF966300A03066 /* Project object */;
			proxyType = 1;
			remoteGlobalIDString = 6864DB4821DF966300A03066;
			remoteInfo = BDUDemo;
		};
/* End PBXContainerItemProxy section */

/* Begin PBXFileReference section */
		6805F8DA22140A98007D996A /* Collection+Safe.swift */ = {isa = PBXFileReference; lastKnownFileType = sourcecode.swift; path = "Collection+Safe.swift"; sourceTree = "<group>"; };
		6805F8DC22140AEE007D996A /* NavigationLink.swift */ = {isa = PBXFileReference; lastKnownFileType = sourcecode.swift; path = NavigationLink.swift; sourceTree = "<group>"; };
		6811255922121B0E009E616A /* NewsDetailViewController.swift */ = {isa = PBXFileReference; lastKnownFileType = sourcecode.swift; path = NewsDetailViewController.swift; sourceTree = "<group>"; };
		6811255A22121B0E009E616A /* NewsDetailViewController.xib */ = {isa = PBXFileReference; lastKnownFileType = file.xib; path = NewsDetailViewController.xib; sourceTree = "<group>"; };
		6811255E22121CF1009E616A /* DeeplinkNavigator.swift */ = {isa = PBXFileReference; lastKnownFileType = sourcecode.swift; path = DeeplinkNavigator.swift; sourceTree = "<group>"; };
		6811256022121D01009E616A /* WeblinkNavigator.swift */ = {isa = PBXFileReference; lastKnownFileType = sourcecode.swift; path = WeblinkNavigator.swift; sourceTree = "<group>"; };
		681125662213FC47009E616A /* AdViewController.swift */ = {isa = PBXFileReference; lastKnownFileType = sourcecode.swift; path = AdViewController.swift; sourceTree = "<group>"; };
		681125672213FC47009E616A /* AdViewController.xib */ = {isa = PBXFileReference; lastKnownFileType = file.xib; path = AdViewController.xib; sourceTree = "<group>"; };
		6811256C221400F2009E616A /* ViewControllerFactory.swift */ = {isa = PBXFileReference; lastKnownFileType = sourcecode.swift; path = ViewControllerFactory.swift; sourceTree = "<group>"; };
		6811256E22140156009E616A /* Navigator.swift */ = {isa = PBXFileReference; lastKnownFileType = sourcecode.swift; path = Navigator.swift; sourceTree = "<group>"; };
		6830B273221466A600F5EA3D /* NewsCellConfigurable.swift */ = {isa = PBXFileReference; fileEncoding = 4; lastKnownFileType = sourcecode.swift; path = NewsCellConfigurable.swift; sourceTree = "<group>"; };
		6830B2792214779800F5EA3D /* MiniCardCollectionViewCell.swift */ = {isa = PBXFileReference; lastKnownFileType = sourcecode.swift; path = MiniCardCollectionViewCell.swift; sourceTree = "<group>"; };
		6830B27A2214779800F5EA3D /* MiniCardCollectionViewCell.xib */ = {isa = PBXFileReference; lastKnownFileType = file.xib; path = MiniCardCollectionViewCell.xib; sourceTree = "<group>"; };
		6864DB4921DF966300A03066 /* BDUDemo.app */ = {isa = PBXFileReference; explicitFileType = wrapper.application; includeInIndex = 0; path = BDUDemo.app; sourceTree = BUILT_PRODUCTS_DIR; };
		6864DB4C21DF966300A03066 /* AppDelegate.swift */ = {isa = PBXFileReference; lastKnownFileType = sourcecode.swift; path = AppDelegate.swift; sourceTree = "<group>"; };
		6864DB5321DF966400A03066 /* Assets.xcassets */ = {isa = PBXFileReference; lastKnownFileType = folder.assetcatalog; path = Assets.xcassets; sourceTree = "<group>"; };
		6864DB5621DF966400A03066 /* Base */ = {isa = PBXFileReference; lastKnownFileType = file.storyboard; name = Base; path = Base.lproj/LaunchScreen.storyboard; sourceTree = "<group>"; };
		6864DB5821DF966400A03066 /* Info.plist */ = {isa = PBXFileReference; lastKnownFileType = text.plist.xml; path = Info.plist; sourceTree = "<group>"; };
		6864DB5D21DF966400A03066 /* BDUDemoTests.xctest */ = {isa = PBXFileReference; explicitFileType = wrapper.cfbundle; includeInIndex = 0; path = BDUDemoTests.xctest; sourceTree = BUILT_PRODUCTS_DIR; };
		6864DB6321DF966400A03066 /* Info.plist */ = {isa = PBXFileReference; lastKnownFileType = text.plist.xml; path = Info.plist; sourceTree = "<group>"; };
		6864DB6D21DFAD2100A03066 /* NewsItem.swift */ = {isa = PBXFileReference; lastKnownFileType = sourcecode.swift; path = NewsItem.swift; sourceTree = "<group>"; };
		6864DB7021DFADB500A03066 /* NewsClient.swift */ = {isa = PBXFileReference; lastKnownFileType = sourcecode.swift; path = NewsClient.swift; sourceTree = "<group>"; };
		6864DB7221DFB1FA00A03066 /* Result.swift */ = {isa = PBXFileReference; lastKnownFileType = sourcecode.swift; path = Result.swift; sourceTree = "<group>"; };
		6864DB7421DFB21800A03066 /* NewsFeedError.swift */ = {isa = PBXFileReference; lastKnownFileType = sourcecode.swift; path = NewsFeedError.swift; sourceTree = "<group>"; };
		6864DB7721DFBDD800A03066 /* BottomImageCardCollectionViewCell.swift */ = {isa = PBXFileReference; lastKnownFileType = sourcecode.swift; path = BottomImageCardCollectionViewCell.swift; sourceTree = "<group>"; };
		6864DB7821DFBDD800A03066 /* BottomImageCardCollectionViewCell.xib */ = {isa = PBXFileReference; lastKnownFileType = file.xib; path = BottomImageCardCollectionViewCell.xib; sourceTree = "<group>"; };
		6864DB7C21DFBE9B00A03066 /* NewsViewModel.swift */ = {isa = PBXFileReference; lastKnownFileType = sourcecode.swift; path = NewsViewModel.swift; sourceTree = "<group>"; };
		6864DB7E21DFBF7B00A03066 /* NewsCollectionController.swift */ = {isa = PBXFileReference; lastKnownFileType = sourcecode.swift; path = NewsCollectionController.swift; sourceTree = "<group>"; };
		68CFDB7222049E61006071EF /* AdView.swift */ = {isa = PBXFileReference; fileEncoding = 4; lastKnownFileType = sourcecode.swift; path = AdView.swift; sourceTree = "<group>"; };
		68CFDB7422049E86006071EF /* AdView.xib */ = {isa = PBXFileReference; lastKnownFileType = file.xib; path = AdView.xib; sourceTree = "<group>"; };
		68CFDB772204A331006071EF /* UIView+Constraints.swift */ = {isa = PBXFileReference; lastKnownFileType = sourcecode.swift; path = "UIView+Constraints.swift"; sourceTree = "<group>"; };
		68CFDB792204A5D5006071EF /* soundcloud.png */ = {isa = PBXFileReference; lastKnownFileType = image.png; path = soundcloud.png; sourceTree = "<group>"; };
		68CFDB7B2204A87A006071EF /* soundcloud-big.jpg */ = {isa = PBXFileReference; lastKnownFileType = image.jpeg; path = "soundcloud-big.jpg"; sourceTree = "<group>"; };
		68EF64B321FB6851009E3662 /* NewsViewController.swift */ = {isa = PBXFileReference; lastKnownFileType = sourcecode.swift; path = NewsViewController.swift; sourceTree = "<group>"; };
		68EF64B421FB6851009E3662 /* NewsViewController.xib */ = {isa = PBXFileReference; lastKnownFileType = file.xib; path = NewsViewController.xib; sourceTree = "<group>"; };
		68EF64B821FB6C1F009E3662 /* NewsPresenter.swift */ = {isa = PBXFileReference; lastKnownFileType = sourcecode.swift; path = NewsPresenter.swift; sourceTree = "<group>"; };
		68EF64C021FBB8B7009E3662 /* djokovic.jpg */ = {isa = PBXFileReference; lastKnownFileType = image.jpeg; path = djokovic.jpg; sourceTree = "<group>"; };
		68EF64C221FBC41D009E3662 /* pizza.jpg */ = {isa = PBXFileReference; lastKnownFileType = image.jpeg; path = pizza.jpg; sourceTree = "<group>"; };
		68EF64C421FBC7B6009E3662 /* TopImageCardCollectionViewCell.swift */ = {isa = PBXFileReference; lastKnownFileType = sourcecode.swift; path = TopImageCardCollectionViewCell.swift; sourceTree = "<group>"; };
		68EF64C521FBC7B6009E3662 /* TopImageCardCollectionViewCell.xib */ = {isa = PBXFileReference; lastKnownFileType = file.xib; path = TopImageCardCollectionViewCell.xib; sourceTree = "<group>"; };
		68EF64CA21FC6A7D009E3662 /* bitcoin.jpg */ = {isa = PBXFileReference; lastKnownFileType = image.jpeg; path = bitcoin.jpg; sourceTree = "<group>"; };
/* End PBXFileReference section */

/* Begin PBXFrameworksBuildPhase section */
		6864DB4621DF966300A03066 /* Frameworks */ = {
			isa = PBXFrameworksBuildPhase;
			buildActionMask = 2147483647;
			files = (
			);
			runOnlyForDeploymentPostprocessing = 0;
		};
		6864DB5A21DF966400A03066 /* Frameworks */ = {
			isa = PBXFrameworksBuildPhase;
			buildActionMask = 2147483647;
			files = (
			);
			runOnlyForDeploymentPostprocessing = 0;
		};
/* End PBXFrameworksBuildPhase section */

/* Begin PBXGroup section */
		6811255D22121CE6009E616A /* Navigation */ = {
			isa = PBXGroup;
			children = (
				6811256E22140156009E616A /* Navigator.swift */,
				6811256C221400F2009E616A /* ViewControllerFactory.swift */,
				6811256B2213FF69009E616A /* Weblinks */,
				6811256A2213FF61009E616A /* Deeplinks */,
			);
			path = Navigation;
			sourceTree = "<group>";
		};
		681125652213FC35009E616A /* ViewControllers */ = {
			isa = PBXGroup;
			children = (
				68EF64B321FB6851009E3662 /* NewsViewController.swift */,
				68EF64B421FB6851009E3662 /* NewsViewController.xib */,
				6811255922121B0E009E616A /* NewsDetailViewController.swift */,
				6811255A22121B0E009E616A /* NewsDetailViewController.xib */,
				681125662213FC47009E616A /* AdViewController.swift */,
				681125672213FC47009E616A /* AdViewController.xib */,
			);
			path = ViewControllers;
			sourceTree = "<group>";
		};
		6811256A2213FF61009E616A /* Deeplinks */ = {
			isa = PBXGroup;
			children = (
				6805F8DC22140AEE007D996A /* NavigationLink.swift */,
				6811255E22121CF1009E616A /* DeeplinkNavigator.swift */,
			);
			path = Deeplinks;
			sourceTree = "<group>";
		};
		6811256B2213FF69009E616A /* Weblinks */ = {
			isa = PBXGroup;
			children = (
				6811256022121D01009E616A /* WeblinkNavigator.swift */,
			);
			path = Weblinks;
			sourceTree = "<group>";
		};
		6864DB4021DF966300A03066 = {
			isa = PBXGroup;
			children = (
				6864DB4B21DF966300A03066 /* BDUDemo */,
				6864DB6021DF966400A03066 /* BDUDemoTests */,
				6864DB4A21DF966300A03066 /* Products */,
			);
			sourceTree = "<group>";
		};
		6864DB4A21DF966300A03066 /* Products */ = {
			isa = PBXGroup;
			children = (
				6864DB4921DF966300A03066 /* BDUDemo.app */,
				6864DB5D21DF966400A03066 /* BDUDemoTests.xctest */,
			);
			name = Products;
			sourceTree = "<group>";
		};
		6864DB4B21DF966300A03066 /* BDUDemo */ = {
			isa = PBXGroup;
			children = (
				6864DB6F21DFADAA00A03066 /* Network */,
				6864DB6C21DFAD0C00A03066 /* Model */,
				6864DB7621DFBD6400A03066 /* View */,
				68EF64B721FB6C0E009E3662 /* Presenter */,
				6811255D22121CE6009E616A /* Navigation */,
				6864DB4C21DF966300A03066 /* AppDelegate.swift */,
				68EF64BE21FBB7C2009E3662 /* Resources */,
				6864DB5321DF966400A03066 /* Assets.xcassets */,
				6864DB5521DF966400A03066 /* LaunchScreen.storyboard */,
				6864DB5821DF966400A03066 /* Info.plist */,
			);
			path = BDUDemo;
			sourceTree = "<group>";
		};
		6864DB6021DF966400A03066 /* BDUDemoTests */ = {
			isa = PBXGroup;
			children = (
				6864DB6321DF966400A03066 /* Info.plist */,
			);
			path = BDUDemoTests;
			sourceTree = "<group>";
		};
		6864DB6C21DFAD0C00A03066 /* Model */ = {
			isa = PBXGroup;
			children = (
				6864DB6D21DFAD2100A03066 /* NewsItem.swift */,
				6864DB7221DFB1FA00A03066 /* Result.swift */,
			);
			path = Model;
			sourceTree = "<group>";
		};
		6864DB6F21DFADAA00A03066 /* Network */ = {
			isa = PBXGroup;
			children = (
				6864DB7021DFADB500A03066 /* NewsClient.swift */,
				6864DB7421DFB21800A03066 /* NewsFeedError.swift */,
			);
			path = Network;
			sourceTree = "<group>";
		};
		6864DB7621DFBD6400A03066 /* View */ = {
			isa = PBXGroup;
			children = (
				681125652213FC35009E616A /* ViewControllers */,
				68CFDB762204A326006071EF /* Extensions */,
				6864DB8021DFC3D000A03066 /* CollectionView */,
				6864DB7B21DFBE9100A03066 /* ViewModel */,
			);
			path = View;
			sourceTree = "<group>";
		};
		6864DB7B21DFBE9100A03066 /* ViewModel */ = {
			isa = PBXGroup;
			children = (
				6864DB7C21DFBE9B00A03066 /* NewsViewModel.swift */,
			);
			path = ViewModel;
			sourceTree = "<group>";
		};
		6864DB8021DFC3D000A03066 /* CollectionView */ = {
			isa = PBXGroup;
			children = (
				6864DB7E21DFBF7B00A03066 /* NewsCollectionController.swift */,
				6864DB8121DFC3DA00A03066 /* Cells */,
			);
			path = CollectionView;
			sourceTree = "<group>";
		};
		6864DB8121DFC3DA00A03066 /* Cells */ = {
			isa = PBXGroup;
			children = (
				6830B273221466A600F5EA3D /* NewsCellConfigurable.swift */,
				68CFDB7122049E61006071EF /* Views */,
				6864DB7721DFBDD800A03066 /* BottomImageCardCollectionViewCell.swift */,
				6864DB7821DFBDD800A03066 /* BottomImageCardCollectionViewCell.xib */,
				68EF64C421FBC7B6009E3662 /* TopImageCardCollectionViewCell.swift */,
				68EF64C521FBC7B6009E3662 /* TopImageCardCollectionViewCell.xib */,
				6830B2792214779800F5EA3D /* MiniCardCollectionViewCell.swift */,
				6830B27A2214779800F5EA3D /* MiniCardCollectionViewCell.xib */,
			);
			path = Cells;
			sourceTree = "<group>";
		};
		68CFDB7122049E61006071EF /* Views */ = {
			isa = PBXGroup;
			children = (
				68CFDB7222049E61006071EF /* AdView.swift */,
				68CFDB7422049E86006071EF /* AdView.xib */,
			);
			path = Views;
			sourceTree = "<group>";
		};
		68CFDB762204A326006071EF /* Extensions */ = {
			isa = PBXGroup;
			children = (
				68CFDB772204A331006071EF /* UIView+Constraints.swift */,
				6805F8DA22140A98007D996A /* Collection+Safe.swift */,
			);
			path = Extensions;
			sourceTree = "<group>";
		};
		68EF64B721FB6C0E009E3662 /* Presenter */ = {
			isa = PBXGroup;
			children = (
				68EF64B821FB6C1F009E3662 /* NewsPresenter.swift */,
			);
			path = Presenter;
			sourceTree = "<group>";
		};
		68EF64BE21FBB7C2009E3662 /* Resources */ = {
			isa = PBXGroup;
			children = (
				68EF64BF21FBB7C7009E3662 /* Images */,
			);
			path = Resources;
			sourceTree = "<group>";
		};
		68EF64BF21FBB7C7009E3662 /* Images */ = {
			isa = PBXGroup;
			children = (
				68CFDB7B2204A87A006071EF /* soundcloud-big.jpg */,
				68CFDB792204A5D5006071EF /* soundcloud.png */,
				68EF64C221FBC41D009E3662 /* pizza.jpg */,
				68EF64C021FBB8B7009E3662 /* djokovic.jpg */,
				68EF64CA21FC6A7D009E3662 /* bitcoin.jpg */,
			);
			path = Images;
			sourceTree = "<group>";
		};
/* End PBXGroup section */

/* Begin PBXNativeTarget section */
		6864DB4821DF966300A03066 /* BDUDemo */ = {
			isa = PBXNativeTarget;
			buildConfigurationList = 6864DB6621DF966400A03066 /* Build configuration list for PBXNativeTarget "BDUDemo" */;
			buildPhases = (
				6864DB4521DF966300A03066 /* Sources */,
				6864DB4621DF966300A03066 /* Frameworks */,
				6864DB4721DF966300A03066 /* Resources */,
			);
			buildRules = (
			);
			dependencies = (
			);
			name = BDUDemo;
			productName = BDUDemo;
			productReference = 6864DB4921DF966300A03066 /* BDUDemo.app */;
			productType = "com.apple.product-type.application";
		};
		6864DB5C21DF966400A03066 /* BDUDemoTests */ = {
			isa = PBXNativeTarget;
			buildConfigurationList = 6864DB6921DF966400A03066 /* Build configuration list for PBXNativeTarget "BDUDemoTests" */;
			buildPhases = (
				6864DB5921DF966400A03066 /* Sources */,
				6864DB5A21DF966400A03066 /* Frameworks */,
				6864DB5B21DF966400A03066 /* Resources */,
			);
			buildRules = (
			);
			dependencies = (
				6864DB5F21DF966400A03066 /* PBXTargetDependency */,
			);
			name = BDUDemoTests;
			productName = BDUDemoTests;
			productReference = 6864DB5D21DF966400A03066 /* BDUDemoTests.xctest */;
			productType = "com.apple.product-type.bundle.unit-test";
		};
/* End PBXNativeTarget section */

/* Begin PBXProject section */
		6864DB4121DF966300A03066 /* Project object */ = {
			isa = PBXProject;
			attributes = {
				LastSwiftUpdateCheck = 1010;
				LastUpgradeCheck = 1010;
				ORGANIZATIONNAME = "Andrea Cipriani";
				TargetAttributes = {
					6864DB4821DF966300A03066 = {
						CreatedOnToolsVersion = 10.1;
					};
					6864DB5C21DF966400A03066 = {
						CreatedOnToolsVersion = 10.1;
						TestTargetID = 6864DB4821DF966300A03066;
					};
				};
			};
			buildConfigurationList = 6864DB4421DF966300A03066 /* Build configuration list for PBXProject "BDUDemo" */;
			compatibilityVersion = "Xcode 9.3";
			developmentRegion = en;
			hasScannedForEncodings = 0;
			knownRegions = (
				en,
				Base,
			);
			mainGroup = 6864DB4021DF966300A03066;
			productRefGroup = 6864DB4A21DF966300A03066 /* Products */;
			projectDirPath = "";
			projectRoot = "";
			targets = (
				6864DB4821DF966300A03066 /* BDUDemo */,
				6864DB5C21DF966400A03066 /* BDUDemoTests */,
			);
		};
/* End PBXProject section */

/* Begin PBXResourcesBuildPhase section */
		6864DB4721DF966300A03066 /* Resources */ = {
			isa = PBXResourcesBuildPhase;
			buildActionMask = 2147483647;
			files = (
				681125692213FC47009E616A /* AdViewController.xib in Resources */,
				6811255C22121B0E009E616A /* NewsDetailViewController.xib in Resources */,
				6864DB7A21DFBDD800A03066 /* BottomImageCardCollectionViewCell.xib in Resources */,
				68EF64C321FBC41D009E3662 /* pizza.jpg in Resources */,
				68CFDB7522049E86006071EF /* AdView.xib in Resources */,
				68EF64CB21FC6A7E009E3662 /* bitcoin.jpg in Resources */,
				68EF64C121FBB8B7009E3662 /* djokovic.jpg in Resources */,
				68CFDB7C2204A87A006071EF /* soundcloud-big.jpg in Resources */,
				6864DB5721DF966400A03066 /* LaunchScreen.storyboard in Resources */,
				68EF64B621FB6851009E3662 /* NewsViewController.xib in Resources */,
				68CFDB7A2204A5D5006071EF /* soundcloud.png in Resources */,
				6830B27C2214779800F5EA3D /* MiniCardCollectionViewCell.xib in Resources */,
				68EF64C721FBC7B6009E3662 /* TopImageCardCollectionViewCell.xib in Resources */,
				6864DB5421DF966400A03066 /* Assets.xcassets in Resources */,
			);
			runOnlyForDeploymentPostprocessing = 0;
		};
		6864DB5B21DF966400A03066 /* Resources */ = {
			isa = PBXResourcesBuildPhase;
			buildActionMask = 2147483647;
			files = (
			);
			runOnlyForDeploymentPostprocessing = 0;
		};
/* End PBXResourcesBuildPhase section */

/* Begin PBXSourcesBuildPhase section */
		6864DB4521DF966300A03066 /* Sources */ = {
			isa = PBXSourcesBuildPhase;
			buildActionMask = 2147483647;
			files = (
				6864DB7D21DFBE9B00A03066 /* NewsViewModel.swift in Sources */,
				6864DB7F21DFBF7B00A03066 /* NewsCollectionController.swift in Sources */,
				6830B27B2214779800F5EA3D /* MiniCardCollectionViewCell.swift in Sources */,
				68EF64B521FB6851009E3662 /* NewsViewController.swift in Sources */,
				68CFDB7322049E61006071EF /* AdView.swift in Sources */,
				6864DB7521DFB21800A03066 /* NewsFeedError.swift in Sources */,
				6811256D221400F2009E616A /* ViewControllerFactory.swift in Sources */,
				68EF64C621FBC7B6009E3662 /* TopImageCardCollectionViewCell.swift in Sources */,
				6811256122121D01009E616A /* WeblinkNavigator.swift in Sources */,
				6830B274221466A600F5EA3D /* NewsCellConfigurable.swift in Sources */,
				6805F8DD22140AEE007D996A /* NavigationLink.swift in Sources */,
				6864DB7321DFB1FA00A03066 /* Result.swift in Sources */,
				6864DB6E21DFAD2100A03066 /* NewsItem.swift in Sources */,
				6864DB7921DFBDD800A03066 /* BottomImageCardCollectionViewCell.swift in Sources */,
				6805F8DB22140A98007D996A /* Collection+Safe.swift in Sources */,
				6811255B22121B0E009E616A /* NewsDetailViewController.swift in Sources */,
				6811255F22121CF1009E616A /* DeeplinkNavigator.swift in Sources */,
				6811256F22140156009E616A /* Navigator.swift in Sources */,
				68EF64B921FB6C1F009E3662 /* NewsPresenter.swift in Sources */,
				68CFDB782204A331006071EF /* UIView+Constraints.swift in Sources */,
				681125682213FC47009E616A /* AdViewController.swift in Sources */,
				6864DB7121DFADB500A03066 /* NewsClient.swift in Sources */,
				6864DB4D21DF966300A03066 /* AppDelegate.swift in Sources */,
			);
			runOnlyForDeploymentPostprocessing = 0;
		};
		6864DB5921DF966400A03066 /* Sources */ = {
			isa = PBXSourcesBuildPhase;
			buildActionMask = 2147483647;
			files = (
			);
			runOnlyForDeploymentPostprocessing = 0;
		};
/* End PBXSourcesBuildPhase section */

/* Begin PBXTargetDependency section */
		6864DB5F21DF966400A03066 /* PBXTargetDependency */ = {
			isa = PBXTargetDependency;
			target = 6864DB4821DF966300A03066 /* BDUDemo */;
			targetProxy = 6864DB5E21DF966400A03066 /* PBXContainerItemProxy */;
		};
/* End PBXTargetDependency section */

/* Begin PBXVariantGroup section */
		6864DB5521DF966400A03066 /* LaunchScreen.storyboard */ = {
			isa = PBXVariantGroup;
			children = (
				6864DB5621DF966400A03066 /* Base */,
			);
			name = LaunchScreen.storyboard;
			sourceTree = "<group>";
		};
/* End PBXVariantGroup section */

/* Begin XCBuildConfiguration section */
		6864DB6421DF966400A03066 /* Debug */ = {
			isa = XCBuildConfiguration;
			buildSettings = {
				ALWAYS_SEARCH_USER_PATHS = NO;
				CLANG_ANALYZER_NONNULL = YES;
				CLANG_ANALYZER_NUMBER_OBJECT_CONVERSION = YES_AGGRESSIVE;
				CLANG_CXX_LANGUAGE_STANDARD = "gnu++14";
				CLANG_CXX_LIBRARY = "libc++";
				CLANG_ENABLE_MODULES = YES;
				CLANG_ENABLE_OBJC_ARC = YES;
				CLANG_ENABLE_OBJC_WEAK = YES;
				CLANG_WARN_BLOCK_CAPTURE_AUTORELEASING = YES;
				CLANG_WARN_BOOL_CONVERSION = YES;
				CLANG_WARN_COMMA = YES;
				CLANG_WARN_CONSTANT_CONVERSION = YES;
				CLANG_WARN_DEPRECATED_OBJC_IMPLEMENTATIONS = YES;
				CLANG_WARN_DIRECT_OBJC_ISA_USAGE = YES_ERROR;
				CLANG_WARN_DOCUMENTATION_COMMENTS = YES;
				CLANG_WARN_EMPTY_BODY = YES;
				CLANG_WARN_ENUM_CONVERSION = YES;
				CLANG_WARN_INFINITE_RECURSION = YES;
				CLANG_WARN_INT_CONVERSION = YES;
				CLANG_WARN_NON_LITERAL_NULL_CONVERSION = YES;
				CLANG_WARN_OBJC_IMPLICIT_RETAIN_SELF = YES;
				CLANG_WARN_OBJC_LITERAL_CONVERSION = YES;
				CLANG_WARN_OBJC_ROOT_CLASS = YES_ERROR;
				CLANG_WARN_RANGE_LOOP_ANALYSIS = YES;
				CLANG_WARN_STRICT_PROTOTYPES = YES;
				CLANG_WARN_SUSPICIOUS_MOVE = YES;
				CLANG_WARN_UNGUARDED_AVAILABILITY = YES_AGGRESSIVE;
				CLANG_WARN_UNREACHABLE_CODE = YES;
				CLANG_WARN__DUPLICATE_METHOD_MATCH = YES;
				CODE_SIGN_IDENTITY = "iPhone Developer";
				COPY_PHASE_STRIP = NO;
				DEBUG_INFORMATION_FORMAT = dwarf;
				ENABLE_STRICT_OBJC_MSGSEND = YES;
				ENABLE_TESTABILITY = YES;
				GCC_C_LANGUAGE_STANDARD = gnu11;
				GCC_DYNAMIC_NO_PIC = NO;
				GCC_NO_COMMON_BLOCKS = YES;
				GCC_OPTIMIZATION_LEVEL = 0;
				GCC_PREPROCESSOR_DEFINITIONS = (
					"DEBUG=1",
					"$(inherited)",
				);
				GCC_WARN_64_TO_32_BIT_CONVERSION = YES;
				GCC_WARN_ABOUT_RETURN_TYPE = YES_ERROR;
				GCC_WARN_UNDECLARED_SELECTOR = YES;
				GCC_WARN_UNINITIALIZED_AUTOS = YES_AGGRESSIVE;
				GCC_WARN_UNUSED_FUNCTION = YES;
				GCC_WARN_UNUSED_VARIABLE = YES;
				IPHONEOS_DEPLOYMENT_TARGET = 12.1;
				MTL_ENABLE_DEBUG_INFO = INCLUDE_SOURCE;
				MTL_FAST_MATH = YES;
				ONLY_ACTIVE_ARCH = YES;
				SDKROOT = iphoneos;
				SWIFT_ACTIVE_COMPILATION_CONDITIONS = DEBUG;
				SWIFT_OPTIMIZATION_LEVEL = "-Onone";
			};
			name = Debug;
		};
		6864DB6521DF966400A03066 /* Release */ = {
			isa = XCBuildConfiguration;
			buildSettings = {
				ALWAYS_SEARCH_USER_PATHS = NO;
				CLANG_ANALYZER_NONNULL = YES;
				CLANG_ANALYZER_NUMBER_OBJECT_CONVERSION = YES_AGGRESSIVE;
				CLANG_CXX_LANGUAGE_STANDARD = "gnu++14";
				CLANG_CXX_LIBRARY = "libc++";
				CLANG_ENABLE_MODULES = YES;
				CLANG_ENABLE_OBJC_ARC = YES;
				CLANG_ENABLE_OBJC_WEAK = YES;
				CLANG_WARN_BLOCK_CAPTURE_AUTORELEASING = YES;
				CLANG_WARN_BOOL_CONVERSION = YES;
				CLANG_WARN_COMMA = YES;
				CLANG_WARN_CONSTANT_CONVERSION = YES;
				CLANG_WARN_DEPRECATED_OBJC_IMPLEMENTATIONS = YES;
				CLANG_WARN_DIRECT_OBJC_ISA_USAGE = YES_ERROR;
				CLANG_WARN_DOCUMENTATION_COMMENTS = YES;
				CLANG_WARN_EMPTY_BODY = YES;
				CLANG_WARN_ENUM_CONVERSION = YES;
				CLANG_WARN_INFINITE_RECURSION = YES;
				CLANG_WARN_INT_CONVERSION = YES;
				CLANG_WARN_NON_LITERAL_NULL_CONVERSION = YES;
				CLANG_WARN_OBJC_IMPLICIT_RETAIN_SELF = YES;
				CLANG_WARN_OBJC_LITERAL_CONVERSION = YES;
				CLANG_WARN_OBJC_ROOT_CLASS = YES_ERROR;
				CLANG_WARN_RANGE_LOOP_ANALYSIS = YES;
				CLANG_WARN_STRICT_PROTOTYPES = YES;
				CLANG_WARN_SUSPICIOUS_MOVE = YES;
				CLANG_WARN_UNGUARDED_AVAILABILITY = YES_AGGRESSIVE;
				CLANG_WARN_UNREACHABLE_CODE = YES;
				CLANG_WARN__DUPLICATE_METHOD_MATCH = YES;
				CODE_SIGN_IDENTITY = "iPhone Developer";
				COPY_PHASE_STRIP = NO;
				DEBUG_INFORMATION_FORMAT = "dwarf-with-dsym";
				ENABLE_NS_ASSERTIONS = NO;
				ENABLE_STRICT_OBJC_MSGSEND = YES;
				GCC_C_LANGUAGE_STANDARD = gnu11;
				GCC_NO_COMMON_BLOCKS = YES;
				GCC_WARN_64_TO_32_BIT_CONVERSION = YES;
				GCC_WARN_ABOUT_RETURN_TYPE = YES_ERROR;
				GCC_WARN_UNDECLARED_SELECTOR = YES;
				GCC_WARN_UNINITIALIZED_AUTOS = YES_AGGRESSIVE;
				GCC_WARN_UNUSED_FUNCTION = YES;
				GCC_WARN_UNUSED_VARIABLE = YES;
				IPHONEOS_DEPLOYMENT_TARGET = 12.1;
				MTL_ENABLE_DEBUG_INFO = NO;
				MTL_FAST_MATH = YES;
				SDKROOT = iphoneos;
				SWIFT_COMPILATION_MODE = wholemodule;
				SWIFT_OPTIMIZATION_LEVEL = "-O";
				VALIDATE_PRODUCT = YES;
			};
			name = Release;
		};
		6864DB6721DF966400A03066 /* Debug */ = {
			isa = XCBuildConfiguration;
			buildSettings = {
				ASSETCATALOG_COMPILER_APPICON_NAME = AppIcon;
				CODE_SIGN_STYLE = Automatic;
				DEVELOPMENT_TEAM = B9W2P6QQU7;
				INFOPLIST_FILE = BDUDemo/Info.plist;
				LD_RUNPATH_SEARCH_PATHS = (
					"$(inherited)",
					"@executable_path/Frameworks",
				);
				PRODUCT_BUNDLE_IDENTIFIER = agc.BDUDemo;
				PRODUCT_NAME = "$(TARGET_NAME)";
				SWIFT_VERSION = 4.2;
				TARGETED_DEVICE_FAMILY = "1,2";
			};
			name = Debug;
		};
		6864DB6821DF966400A03066 /* Release */ = {
			isa = XCBuildConfiguration;
			buildSettings = {
				ASSETCATALOG_COMPILER_APPICON_NAME = AppIcon;
				CODE_SIGN_STYLE = Automatic;
				DEVELOPMENT_TEAM = B9W2P6QQU7;
				INFOPLIST_FILE = BDUDemo/Info.plist;
				LD_RUNPATH_SEARCH_PATHS = (
					"$(inherited)",
					"@executable_path/Frameworks",
				);
				PRODUCT_BUNDLE_IDENTIFIER = agc.BDUDemo;
				PRODUCT_NAME = "$(TARGET_NAME)";
				SWIFT_VERSION = 4.2;
				TARGETED_DEVICE_FAMILY = "1,2";
			};
			name = Release;
		};
		6864DB6A21DF966400A03066 /* Debug */ = {
			isa = XCBuildConfiguration;
			buildSettings = {
				ALWAYS_EMBED_SWIFT_STANDARD_LIBRARIES = YES;
				BUNDLE_LOADER = "$(TEST_HOST)";
				CODE_SIGN_STYLE = Automatic;
				INFOPLIST_FILE = BDUDemoTests/Info.plist;
				LD_RUNPATH_SEARCH_PATHS = (
					"$(inherited)",
					"@executable_path/Frameworks",
					"@loader_path/Frameworks",
				);
				PRODUCT_BUNDLE_IDENTIFIER = agc.BDUDemoTests;
				PRODUCT_NAME = "$(TARGET_NAME)";
				SWIFT_VERSION = 4.2;
				TARGETED_DEVICE_FAMILY = "1,2";
				TEST_HOST = "$(BUILT_PRODUCTS_DIR)/BDUDemo.app/BDUDemo";
			};
			name = Debug;
		};
		6864DB6B21DF966400A03066 /* Release */ = {
			isa = XCBuildConfiguration;
			buildSettings = {
				ALWAYS_EMBED_SWIFT_STANDARD_LIBRARIES = YES;
				BUNDLE_LOADER = "$(TEST_HOST)";
				CODE_SIGN_STYLE = Automatic;
				INFOPLIST_FILE = BDUDemoTests/Info.plist;
				LD_RUNPATH_SEARCH_PATHS = (
					"$(inherited)",
					"@executable_path/Frameworks",
					"@loader_path/Frameworks",
				);
				PRODUCT_BUNDLE_IDENTIFIER = agc.BDUDemoTests;
				PRODUCT_NAME = "$(TARGET_NAME)";
				SWIFT_VERSION = 4.2;
				TARGETED_DEVICE_FAMILY = "1,2";
				TEST_HOST = "$(BUILT_PRODUCTS_DIR)/BDUDemo.app/BDUDemo";
			};
			name = Release;
		};
/* End XCBuildConfiguration section */

/* Begin XCConfigurationList section */
		6864DB4421DF966300A03066 /* Build configuration list for PBXProject "BDUDemo" */ = {
			isa = XCConfigurationList;
			buildConfigurations = (
				6864DB6421DF966400A03066 /* Debug */,
				6864DB6521DF966400A03066 /* Release */,
			);
			defaultConfigurationIsVisible = 0;
			defaultConfigurationName = Release;
		};
		6864DB6621DF966400A03066 /* Build configuration list for PBXNativeTarget "BDUDemo" */ = {
			isa = XCConfigurationList;
			buildConfigurations = (
				6864DB6721DF966400A03066 /* Debug */,
				6864DB6821DF966400A03066 /* Release */,
			);
			defaultConfigurationIsVisible = 0;
			defaultConfigurationName = Release;
		};
		6864DB6921DF966400A03066 /* Build configuration list for PBXNativeTarget "BDUDemoTests" */ = {
			isa = XCConfigurationList;
			buildConfigurations = (
				6864DB6A21DF966400A03066 /* Debug */,
				6864DB6B21DF966400A03066 /* Release */,
			);
			defaultConfigurationIsVisible = 0;
			defaultConfigurationName = Release;
		};
/* End XCConfigurationList section */
	};
	rootObject = 6864DB4121DF966300A03066 /* Project object */;
}
